<?xml version="1.0" encoding="utf-8"?>
<Project ToolsVersion="4.0" xmlns="http://schemas.microsoft.com/developer/msbuild/2003">
  <ItemGroup>
    <ClCompile Include="QT1409.cpp" />
    <ClCompile Include="main.cpp" />
  </ItemGroup>
  <ItemGroup>
    <QtMoc Include="QT1409.h" />
  </ItemGroup>
  <ItemGroup>
    <QtRcc Include="QT1409.qrc" />
  </ItemGroup>
  <ItemGroup>
    <QtUic Include="QT1409.ui" />
  </ItemGroup>
  <ItemGroup>
    <Filter Include="Header Files">
      <UniqueIdentifier>{0c0880dd-fe91-4d49-a2c0-8b919ff873f5}</UniqueIdentifier>
    </Filter>
  </ItemGroup>
  <ItemGroup>
    <ClInclude Include="libs.h">
      <Filter>Header Files</Filter>
    </ClInclude>
  </ItemGroup>
</Project>